
Microsoft Visual Studio Solution File, Format Version 12.00
# Visual Studio 15
VisualStudioVersion = 15.0.26730.8
MinimumVisualStudioVersion = 10.0.40219.1
Project("{FAE04EC0-301F-11D3-BF4B-00C04F79EFBC}") = "ImagesGraphicprocessing", "ImagesGraphicprocessing\ImagesGraphicprocessing.csproj", "{FF015296-AB94-4C8B-8312-B35B083D47CB}"
EndProject
Global
	GlobalSection(SolutionConfigurationPlatforms) = preSolution
		Debug|Any CPU = Debug|Any CPU
		Debug|x64 = Debug|x64
		Debug|x86 = Debug|x86
		Release|Any CPU = Release|Any CPU
		Release|x64 = Release|x64
		Release|x86 = Release|x86
	EndGlobalSection
	GlobalSection(ProjectConfigurationPlatforms) = postSolution
		{FF015296-AB94-4C8B-8312-B35B083D47CB}.Debug|Any CPU.ActiveCfg = Debug|Any CPU
		{FF015296-AB94-4C8B-8312-B35B083D47CB}.Debug|Any CPU.Build.0 = Debug|Any CPU
		{FF015296-AB94-4C8B-8312-B35B083D47CB}.Debug|x64.ActiveCfg = Debug|x64
		{FF015296-AB94-4C8B-8312-B35B083D47CB}.Debug|x64.Build.0 = Debug|x64
		{FF015296-AB94-4C8B-8312-B35B083D47CB}.Debug|x86.ActiveCfg = Debug|x86
		{FF015296-AB94-4C8B-8312-B35B083D47CB}.Debug|x86.Build.0 = Debug|x86
		{FF015296-AB94-4C8B-8312-B35B083D47CB}.Release|Any CPU.ActiveCfg = Release|Any CPU
		{FF015296-AB94-4C8B-8312-B35B083D47CB}.Release|Any CPU.Build.0 = Release|Any CPU
		{FF015296-AB94-4C8B-8312-B35B083D47CB}.Release|x64.ActiveCfg = Release|x64
		{FF015296-AB94-4C8B-8312-B35B083D47CB}.Release|x64.Build.0 = Release|x64
		{FF015296-AB94-4C8B-8312-B35B083D47CB}.Release|x86.ActiveCfg = Release|x86
		{FF015296-AB94-4C8B-8312-B35B083D47CB}.Release|x86.Build.0 = Release|x86
	EndGlobalSection
	GlobalSection(SolutionProperties) = preSolution
		HideSolutionNode = FALSE
	EndGlobalSection
	GlobalSection(ExtensibilityGlobals) = postSolution
		SolutionGuid = {BF3F4350-A924-458A-8158-C33F92D475DA}
	EndGlobalSection
EndGlobal
